
Microsoft Visual Studio Solution File, Format Version 12.00
# Visual Studio Version 16
VisualStudioVersion = 16.0.810.17
MinimumVisualStudioVersion = 10.0.40219.1
Project("{FAE04EC0-301F-11D3-BF4B-00C04F79EFBC}") = "TicketManager", "TicketManager.csproj", "{18C55410-152B-4676-863F-690732445EF7}"
EndProject
Global
	GlobalSection(SolutionConfigurationPlatforms) = preSolution
		Debug|Any CPU = Debug|Any CPU
		Release|Any CPU = Release|Any CPU
	EndGlobalSection
	GlobalSection(ProjectConfigurationPlatforms) = postSolution
		{18C55410-152B-4676-863F-690732445EF7}.Debug|Any CPU.ActiveCfg = Debug|Any CPU
		{18C55410-152B-4676-863F-690732445EF7}.Debug|Any CPU.Build.0 = Debug|Any CPU
		{18C55410-152B-4676-863F-690732445EF7}.Release|Any CPU.ActiveCfg = Release|Any CPU
		{18C55410-152B-4676-863F-690732445EF7}.Release|Any CPU.Build.0 = Release|Any CPU
	EndGlobalSection
	GlobalSection(SolutionProperties) = preSolution
		HideSolutionNode = FALSE
	EndGlobalSection
	GlobalSection(ExtensibilityGlobals) = postSolution
		SolutionGuid = {BE7C9617-97A7-4C7D-88A6-5791DD8E51D1}
	EndGlobalSection
EndGlobal
